
Microsoft Visual Studio Solution File, Format Version 12.00
# Visual Studio Version 16
VisualStudioVersion = 16.0.29609.76
MinimumVisualStudioVersion = 10.0.40219.1
Project("{FAE04EC0-301F-11D3-BF4B-00C04F79EFBC}") = "App1.Android", "App1\App1.Android\App1.Android.csproj", "{DAB3A3F1-A99F-457E-9875-7D83FC1BB7B0}"
EndProject
Project("{FAE04EC0-301F-11D3-BF4B-00C04F79EFBC}") = "App1.iOS", "App1\App1.iOS\App1.iOS.csproj", "{7FBD530A-1F51-4C8B-BD91-B4A0F6640A84}"
EndProject
Project("{FAE04EC0-301F-11D3-BF4B-00C04F79EFBC}") = "App1", "App1\App1\App1.csproj", "{24D189FF-9279-47AA-9825-F635813B016F}"
EndProject
Global
	GlobalSection(SolutionConfigurationPlatforms) = preSolution
		Debug|Any CPU = Debug|Any CPU
		Debug|iPhone = Debug|iPhone
		Debug|iPhoneSimulator = Debug|iPhoneSimulator
		Release|Any CPU = Release|Any CPU
		Release|iPhone = Release|iPhone
		Release|iPhoneSimulator = Release|iPhoneSimulator
	EndGlobalSection
	GlobalSection(ProjectConfigurationPlatforms) = postSolution
		{DAB3A3F1-A99F-457E-9875-7D83FC1BB7B0}.Debug|Any CPU.ActiveCfg = Debug|Any CPU
		{DAB3A3F1-A99F-457E-9875-7D83FC1BB7B0}.Debug|Any CPU.Build.0 = Debug|Any CPU
		{DAB3A3F1-A99F-457E-9875-7D83FC1BB7B0}.Debug|Any CPU.Deploy.0 = Debug|Any CPU
		{DAB3A3F1-A99F-457E-9875-7D83FC1BB7B0}.Debug|iPhone.ActiveCfg = Debug|Any CPU
		{DAB3A3F1-A99F-457E-9875-7D83FC1BB7B0}.Debug|iPhone.Build.0 = Debug|Any CPU
		{DAB3A3F1-A99F-457E-9875-7D83FC1BB7B0}.Debug|iPhone.Deploy.0 = Debug|Any CPU
		{DAB3A3F1-A99F-457E-9875-7D83FC1BB7B0}.Debug|iPhoneSimulator.ActiveCfg = Debug|Any CPU
		{DAB3A3F1-A99F-457E-9875-7D83FC1BB7B0}.Debug|iPhoneSimulator.Build.0 = Debug|Any CPU
		{DAB3A3F1-A99F-457E-9875-7D83FC1BB7B0}.Debug|iPhoneSimulator.Deploy.0 = Debug|Any CPU
		{DAB3A3F1-A99F-457E-9875-7D83FC1BB7B0}.Release|Any CPU.ActiveCfg = Release|Any CPU
		{DAB3A3F1-A99F-457E-9875-7D83FC1BB7B0}.Release|Any CPU.Build.0 = Release|Any CPU
		{DAB3A3F1-A99F-457E-9875-7D83FC1BB7B0}.Release|Any CPU.Deploy.0 = Release|Any CPU
		{DAB3A3F1-A99F-457E-9875-7D83FC1BB7B0}.Release|iPhone.ActiveCfg = Release|Any CPU
		{DAB3A3F1-A99F-457E-9875-7D83FC1BB7B0}.Release|iPhone.Build.0 = Release|Any CPU
		{DAB3A3F1-A99F-457E-9875-7D83FC1BB7B0}.Release|iPhone.Deploy.0 = Release|Any CPU
		{DAB3A3F1-A99F-457E-9875-7D83FC1BB7B0}.Release|iPhoneSimulator.ActiveCfg = Release|Any CPU
		{DAB3A3F1-A99F-457E-9875-7D83FC1BB7B0}.Release|iPhoneSimulator.Build.0 = Release|Any CPU
		{DAB3A3F1-A99F-457E-9875-7D83FC1BB7B0}.Release|iPhoneSimulator.Deploy.0 = Release|Any CPU
		{7FBD530A-1F51-4C8B-BD91-B4A0F6640A84}.Debug|Any CPU.ActiveCfg = Debug|iPhoneSimulator
		{7FBD530A-1F51-4C8B-BD91-B4A0F6640A84}.Debug|Any CPU.Build.0 = Debug|iPhoneSimulator
		{7FBD530A-1F51-4C8B-BD91-B4A0F6640A84}.Debug|Any CPU.Deploy.0 = Debug|iPhoneSimulator
		{7FBD530A-1F51-4C8B-BD91-B4A0F6640A84}.Debug|iPhone.ActiveCfg = Debug|iPhone
		{7FBD530A-1F51-4C8B-BD91-B4A0F6640A84}.Debug|iPhone.Build.0 = Debug|iPhone
		{7FBD530A-1F51-4C8B-BD91-B4A0F6640A84}.Debug|iPhone.Deploy.0 = Debug|iPhone
		{7FBD530A-1F51-4C8B-BD91-B4A0F6640A84}.Debug|iPhoneSimulator.ActiveCfg = Debug|iPhoneSimulator
		{7FBD530A-1F51-4C8B-BD91-B4A0F6640A84}.Debug|iPhoneSimulator.Build.0 = Debug|iPhoneSimulator
		{7FBD530A-1F51-4C8B-BD91-B4A0F6640A84}.Debug|iPhoneSimulator.Deploy.0 = Debug|iPhoneSimulator
		{7FBD530A-1F51-4C8B-BD91-B4A0F6640A84}.Release|Any CPU.ActiveCfg = Release|iPhone
		{7FBD530A-1F51-4C8B-BD91-B4A0F6640A84}.Release|Any CPU.Build.0 = Release|iPhone
		{7FBD530A-1F51-4C8B-BD91-B4A0F6640A84}.Release|Any CPU.Deploy.0 = Release|iPhone
		{7FBD530A-1F51-4C8B-BD91-B4A0F6640A84}.Release|iPhone.ActiveCfg = Release|iPhone
		{7FBD530A-1F51-4C8B-BD91-B4A0F6640A84}.Release|iPhone.Build.0 = Release|iPhone
		{7FBD530A-1F51-4C8B-BD91-B4A0F6640A84}.Release|iPhone.Deploy.0 = Release|iPhone
		{7FBD530A-1F51-4C8B-BD91-B4A0F6640A84}.Release|iPhoneSimulator.ActiveCfg = Release|iPhoneSimulator
		{7FBD530A-1F51-4C8B-BD91-B4A0F6640A84}.Release|iPhoneSimulator.Build.0 = Release|iPhoneSimulator
		{7FBD530A-1F51-4C8B-BD91-B4A0F6640A84}.Release|iPhoneSimulator.Deploy.0 = Release|iPhoneSimulator
		{24D189FF-9279-47AA-9825-F635813B016F}.Debug|Any CPU.ActiveCfg = Debug|Any CPU
		{24D189FF-9279-47AA-9825-F635813B016F}.Debug|Any CPU.Build.0 = Debug|Any CPU
		{24D189FF-9279-47AA-9825-F635813B016F}.Debug|Any CPU.Deploy.0 = Debug|Any CPU
		{24D189FF-9279-47AA-9825-F635813B016F}.Debug|iPhone.ActiveCfg = Debug|Any CPU
		{24D189FF-9279-47AA-9825-F635813B016F}.Debug|iPhone.Build.0 = Debug|Any CPU
		{24D189FF-9279-47AA-9825-F635813B016F}.Debug|iPhone.Deploy.0 = Debug|Any CPU
		{24D189FF-9279-47AA-9825-F635813B016F}.Debug|iPhoneSimulator.ActiveCfg = Debug|Any CPU
		{24D189FF-9279-47AA-9825-F635813B016F}.Debug|iPhoneSimulator.Build.0 = Debug|Any CPU
		{24D189FF-9279-47AA-9825-F635813B016F}.Debug|iPhoneSimulator.Deploy.0 = Debug|Any CPU
		{24D189FF-9279-47AA-9825-F635813B016F}.Release|Any CPU.ActiveCfg = Release|Any CPU
		{24D189FF-9279-47AA-9825-F635813B016F}.Release|Any CPU.Build.0 = Release|Any CPU
		{24D189FF-9279-47AA-9825-F635813B016F}.Release|Any CPU.Deploy.0 = Release|Any CPU
		{24D189FF-9279-47AA-9825-F635813B016F}.Release|iPhone.ActiveCfg = Release|Any CPU
		{24D189FF-9279-47AA-9825-F635813B016F}.Release|iPhone.Build.0 = Release|Any CPU
		{24D189FF-9279-47AA-9825-F635813B016F}.Release|iPhone.Deploy.0 = Release|Any CPU
		{24D189FF-9279-47AA-9825-F635813B016F}.Release|iPhoneSimulator.ActiveCfg = Release|Any CPU
		{24D189FF-9279-47AA-9825-F635813B016F}.Release|iPhoneSimulator.Build.0 = Release|Any CPU
		{24D189FF-9279-47AA-9825-F635813B016F}.Release|iPhoneSimulator.Deploy.0 = Release|Any CPU
	EndGlobalSection
	GlobalSection(SolutionProperties) = preSolution
		HideSolutionNode = FALSE
	EndGlobalSection
	GlobalSection(ExtensibilityGlobals) = postSolution
		SolutionGuid = {E9481832-4BC4-4EE4-8B8A-59EFAABF4DFE}
	EndGlobalSection
EndGlobal
